
Microsoft Visual Studio Solution File, Format Version 12.00
# Visual Studio 15
VisualStudioVersion = 15.0.27703.2035
MinimumVisualStudioVersion = 10.0.40219.1
Project("{FAE04EC0-301F-11D3-BF4B-00C04F79EFBC}") = "SAIP_MED.WEB", "SAIP_MED.WEB\SAIP_MED.WEB.csproj", "{66632800-CD97-466C-9697-E03A3BB51ED6}"
EndProject
Project("{FAE04EC0-301F-11D3-BF4B-00C04F79EFBC}") = "SAIP_MED.CORE", "SAIP_MED.CORE\SAIP_MED.CORE.csproj", "{2408FBAB-860A-48A7-97F9-3091F18375E2}"
EndProject
Project("{FAE04EC0-301F-11D3-BF4B-00C04F79EFBC}") = "SAIP_MED.DATA", "SAIP_MED.DATA\SAIP_MED.DATA.csproj", "{2FAC2B27-7D10-48C8-83F7-4270E215BF4D}"
EndProject
Project("{FAE04EC0-301F-11D3-BF4B-00C04F79EFBC}") = "SAIP_MED.TEST", "SAIP_MED.TEST\SAIP_MED.TEST.csproj", "{05377FAD-E636-46B9-909E-0C0931F083A9}"
EndProject
Global
	GlobalSection(SolutionConfigurationPlatforms) = preSolution
		Debug|Any CPU = Debug|Any CPU
		Release|Any CPU = Release|Any CPU
	EndGlobalSection
	GlobalSection(ProjectConfigurationPlatforms) = postSolution
		{66632800-CD97-466C-9697-E03A3BB51ED6}.Debug|Any CPU.ActiveCfg = Debug|Any CPU
		{66632800-CD97-466C-9697-E03A3BB51ED6}.Debug|Any CPU.Build.0 = Debug|Any CPU
		{66632800-CD97-466C-9697-E03A3BB51ED6}.Release|Any CPU.ActiveCfg = Release|Any CPU
		{66632800-CD97-466C-9697-E03A3BB51ED6}.Release|Any CPU.Build.0 = Release|Any CPU
		{2408FBAB-860A-48A7-97F9-3091F18375E2}.Debug|Any CPU.ActiveCfg = Debug|Any CPU
		{2408FBAB-860A-48A7-97F9-3091F18375E2}.Debug|Any CPU.Build.0 = Debug|Any CPU
		{2408FBAB-860A-48A7-97F9-3091F18375E2}.Release|Any CPU.ActiveCfg = Release|Any CPU
		{2408FBAB-860A-48A7-97F9-3091F18375E2}.Release|Any CPU.Build.0 = Release|Any CPU
		{2FAC2B27-7D10-48C8-83F7-4270E215BF4D}.Debug|Any CPU.ActiveCfg = Debug|Any CPU
		{2FAC2B27-7D10-48C8-83F7-4270E215BF4D}.Debug|Any CPU.Build.0 = Debug|Any CPU
		{2FAC2B27-7D10-48C8-83F7-4270E215BF4D}.Release|Any CPU.ActiveCfg = Release|Any CPU
		{2FAC2B27-7D10-48C8-83F7-4270E215BF4D}.Release|Any CPU.Build.0 = Release|Any CPU
		{05377FAD-E636-46B9-909E-0C0931F083A9}.Debug|Any CPU.ActiveCfg = Debug|Any CPU
		{05377FAD-E636-46B9-909E-0C0931F083A9}.Debug|Any CPU.Build.0 = Debug|Any CPU
		{05377FAD-E636-46B9-909E-0C0931F083A9}.Release|Any CPU.ActiveCfg = Release|Any CPU
		{05377FAD-E636-46B9-909E-0C0931F083A9}.Release|Any CPU.Build.0 = Release|Any CPU
	EndGlobalSection
	GlobalSection(SolutionProperties) = preSolution
		HideSolutionNode = FALSE
	EndGlobalSection
	GlobalSection(ExtensibilityGlobals) = postSolution
		SolutionGuid = {243745FD-4C40-4161-93E0-D5F31E6E9A87}
	EndGlobalSection
EndGlobal
